
Microsoft Visual Studio Solution File, Format Version 12.00
# Visual Studio Version 17
VisualStudioVersion = 17.0.31919.166
MinimumVisualStudioVersion = 10.0.40219.1
Project("{FAE04EC0-301F-11D3-BF4B-00C04F79EFBC}") = "OnlineLibrary", "OnlineLibrary\OnlineLibrary.csproj", "{207FAC9E-2662-4C19-BC06-205CDEE94DD7}"
EndProject
Project("{00D1A9C2-B5F0-4AF3-8072-F6C62B433612}") = "BookanizerDB", "BookanizerDB\BookanizerDB.sqlproj", "{A67F0A63-70D6-4CE8-B56A-DFD2C860DEC4}"
EndProject
Global
	GlobalSection(SolutionConfigurationPlatforms) = preSolution
		Debug|Any CPU = Debug|Any CPU
		Debug|x64 = Debug|x64
		Release|Any CPU = Release|Any CPU
		Release|x64 = Release|x64
		Test|Any CPU = Test|Any CPU
		Test|x64 = Test|x64
	EndGlobalSection
	GlobalSection(ProjectConfigurationPlatforms) = postSolution
		{207FAC9E-2662-4C19-BC06-205CDEE94DD7}.Debug|Any CPU.ActiveCfg = Debug|Any CPU
		{207FAC9E-2662-4C19-BC06-205CDEE94DD7}.Debug|Any CPU.Build.0 = Debug|Any CPU
		{207FAC9E-2662-4C19-BC06-205CDEE94DD7}.Debug|x64.ActiveCfg = Debug|x64
		{207FAC9E-2662-4C19-BC06-205CDEE94DD7}.Debug|x64.Build.0 = Debug|x64
		{207FAC9E-2662-4C19-BC06-205CDEE94DD7}.Release|Any CPU.ActiveCfg = Release|Any CPU
		{207FAC9E-2662-4C19-BC06-205CDEE94DD7}.Release|Any CPU.Build.0 = Release|Any CPU
		{207FAC9E-2662-4C19-BC06-205CDEE94DD7}.Release|x64.ActiveCfg = Release|x64
		{207FAC9E-2662-4C19-BC06-205CDEE94DD7}.Release|x64.Build.0 = Release|x64
		{207FAC9E-2662-4C19-BC06-205CDEE94DD7}.Test|Any CPU.ActiveCfg = Test|Any CPU
		{207FAC9E-2662-4C19-BC06-205CDEE94DD7}.Test|Any CPU.Build.0 = Test|Any CPU
		{207FAC9E-2662-4C19-BC06-205CDEE94DD7}.Test|x64.ActiveCfg = Test|x64
		{207FAC9E-2662-4C19-BC06-205CDEE94DD7}.Test|x64.Build.0 = Test|x64
		{A67F0A63-70D6-4CE8-B56A-DFD2C860DEC4}.Debug|Any CPU.ActiveCfg = Debug|Any CPU
		{A67F0A63-70D6-4CE8-B56A-DFD2C860DEC4}.Debug|Any CPU.Build.0 = Debug|Any CPU
		{A67F0A63-70D6-4CE8-B56A-DFD2C860DEC4}.Debug|Any CPU.Deploy.0 = Debug|Any CPU
		{A67F0A63-70D6-4CE8-B56A-DFD2C860DEC4}.Debug|x64.ActiveCfg = Debug|Any CPU
		{A67F0A63-70D6-4CE8-B56A-DFD2C860DEC4}.Debug|x64.Build.0 = Debug|Any CPU
		{A67F0A63-70D6-4CE8-B56A-DFD2C860DEC4}.Debug|x64.Deploy.0 = Debug|Any CPU
		{A67F0A63-70D6-4CE8-B56A-DFD2C860DEC4}.Release|Any CPU.ActiveCfg = Release|Any CPU
		{A67F0A63-70D6-4CE8-B56A-DFD2C860DEC4}.Release|Any CPU.Build.0 = Release|Any CPU
		{A67F0A63-70D6-4CE8-B56A-DFD2C860DEC4}.Release|Any CPU.Deploy.0 = Release|Any CPU
		{A67F0A63-70D6-4CE8-B56A-DFD2C860DEC4}.Release|x64.ActiveCfg = Release|Any CPU
		{A67F0A63-70D6-4CE8-B56A-DFD2C860DEC4}.Release|x64.Build.0 = Release|Any CPU
		{A67F0A63-70D6-4CE8-B56A-DFD2C860DEC4}.Release|x64.Deploy.0 = Release|Any CPU
		{A67F0A63-70D6-4CE8-B56A-DFD2C860DEC4}.Test|Any CPU.ActiveCfg = Release|Any CPU
		{A67F0A63-70D6-4CE8-B56A-DFD2C860DEC4}.Test|Any CPU.Build.0 = Release|Any CPU
		{A67F0A63-70D6-4CE8-B56A-DFD2C860DEC4}.Test|Any CPU.Deploy.0 = Release|Any CPU
		{A67F0A63-70D6-4CE8-B56A-DFD2C860DEC4}.Test|x64.ActiveCfg = Release|Any CPU
		{A67F0A63-70D6-4CE8-B56A-DFD2C860DEC4}.Test|x64.Build.0 = Release|Any CPU
		{A67F0A63-70D6-4CE8-B56A-DFD2C860DEC4}.Test|x64.Deploy.0 = Release|Any CPU
	EndGlobalSection
	GlobalSection(SolutionProperties) = preSolution
		HideSolutionNode = FALSE
	EndGlobalSection
	GlobalSection(ExtensibilityGlobals) = postSolution
		SolutionGuid = {3DC87402-4B76-48B0-BAAB-F7CF6A2C3800}
	EndGlobalSection
EndGlobal
